
Microsoft Visual Studio Solution File, Format Version 12.00
# Visual Studio Version 17
VisualStudioVersion = 17.14.36203.30
MinimumVisualStudioVersion = 10.0.40219.1
Project("{FAE04EC0-301F-11D3-BF4B-00C04F79EFBC}") = "Lab 1", "Lab 1\Lab 1.csproj", "{D269FB83-6BBE-42EF-8E8F-5F960B437141}"
EndProject
Project("{FAE04EC0-301F-11D3-BF4B-00C04F79EFBC}") = "Lab 2", "Lab 2\Lab 2.csproj", "{09A99E40-B147-4E52-B588-CB8911975542}"
EndProject
Project("{FAE04EC0-301F-11D3-BF4B-00C04F79EFBC}") = "Lab 3", "Lab 3\Lab 3.csproj", "{5738E24A-2E6F-4FE6-A104-E202B653F32C}"
EndProject
Project("{FAE04EC0-301F-11D3-BF4B-00C04F79EFBC}") = "Lab 4", "Lab 4\Lab 4.csproj", "{19CE5BED-FB0F-4204-AC35-9AB71A426C24}"
EndProject
Project("{FAE04EC0-301F-11D3-BF4B-00C04F79EFBC}") = "Lab5", "Lab5\Lab5.csproj", "{8ECD2FB6-CECB-4815-9DC6-A4DB93AFCE7C}"
EndProject
Project("{FAE04EC0-301F-11D3-BF4B-00C04F79EFBC}") = "Lab6", "Lab6\Lab6.csproj", "{F9033D23-C847-4F7F-917E-6EA8C8A38E51}"
EndProject
Project("{FAE04EC0-301F-11D3-BF4B-00C04F79EFBC}") = "Library1", "Library1\Library1.csproj", "{C1FB9929-DDCB-418B-B612-38C7ECC385B4}"
EndProject
Project("{FAE04EC0-301F-11D3-BF4B-00C04F79EFBC}") = "Lab7", "Lab7\Lab7.csproj", "{F60493DE-777F-428D-9A8F-7197D1C34784}"
EndProject
Project("{FAE04EC0-301F-11D3-BF4B-00C04F79EFBC}") = "Lab8", "Lab8\Lab8.csproj", "{FF7B5095-4F8A-4115-BCF5-6D0C88370A82}"
EndProject
Project("{FAE04EC0-301F-11D3-BF4B-00C04F79EFBC}") = "Lab 8.2", "Lab 8.2\Lab 8.2.csproj", "{D24447BE-A9CD-4430-B729-B681ED879E4C}"
EndProject
Project("{FAE04EC0-301F-11D3-BF4B-00C04F79EFBC}") = "Lab9", "Lab9\Lab9.csproj", "{BAD35246-F09B-43D9-8CF4-C146E93C3C72}"
EndProject
Project("{FAE04EC0-301F-11D3-BF4B-00C04F79EFBC}") = "Lab10", "Lab10\Lab10.csproj", "{9E41CFFE-ECF0-4DB8-8799-E118CAAF4163}"
EndProject
Global
	GlobalSection(SolutionConfigurationPlatforms) = preSolution
		Debug|Any CPU = Debug|Any CPU
		Release|Any CPU = Release|Any CPU
	EndGlobalSection
	GlobalSection(ProjectConfigurationPlatforms) = postSolution
		{D269FB83-6BBE-42EF-8E8F-5F960B437141}.Debug|Any CPU.ActiveCfg = Debug|Any CPU
		{D269FB83-6BBE-42EF-8E8F-5F960B437141}.Debug|Any CPU.Build.0 = Debug|Any CPU
		{D269FB83-6BBE-42EF-8E8F-5F960B437141}.Release|Any CPU.ActiveCfg = Release|Any CPU
		{D269FB83-6BBE-42EF-8E8F-5F960B437141}.Release|Any CPU.Build.0 = Release|Any CPU
		{09A99E40-B147-4E52-B588-CB8911975542}.Debug|Any CPU.ActiveCfg = Debug|Any CPU
		{09A99E40-B147-4E52-B588-CB8911975542}.Debug|Any CPU.Build.0 = Debug|Any CPU
		{09A99E40-B147-4E52-B588-CB8911975542}.Release|Any CPU.ActiveCfg = Release|Any CPU
		{09A99E40-B147-4E52-B588-CB8911975542}.Release|Any CPU.Build.0 = Release|Any CPU
		{5738E24A-2E6F-4FE6-A104-E202B653F32C}.Debug|Any CPU.ActiveCfg = Debug|Any CPU
		{5738E24A-2E6F-4FE6-A104-E202B653F32C}.Debug|Any CPU.Build.0 = Debug|Any CPU
		{5738E24A-2E6F-4FE6-A104-E202B653F32C}.Release|Any CPU.ActiveCfg = Release|Any CPU
		{5738E24A-2E6F-4FE6-A104-E202B653F32C}.Release|Any CPU.Build.0 = Release|Any CPU
		{19CE5BED-FB0F-4204-AC35-9AB71A426C24}.Debug|Any CPU.ActiveCfg = Debug|Any CPU
		{19CE5BED-FB0F-4204-AC35-9AB71A426C24}.Debug|Any CPU.Build.0 = Debug|Any CPU
		{19CE5BED-FB0F-4204-AC35-9AB71A426C24}.Release|Any CPU.ActiveCfg = Release|Any CPU
		{19CE5BED-FB0F-4204-AC35-9AB71A426C24}.Release|Any CPU.Build.0 = Release|Any CPU
		{8ECD2FB6-CECB-4815-9DC6-A4DB93AFCE7C}.Debug|Any CPU.ActiveCfg = Debug|Any CPU
		{8ECD2FB6-CECB-4815-9DC6-A4DB93AFCE7C}.Debug|Any CPU.Build.0 = Debug|Any CPU
		{8ECD2FB6-CECB-4815-9DC6-A4DB93AFCE7C}.Release|Any CPU.ActiveCfg = Release|Any CPU
		{8ECD2FB6-CECB-4815-9DC6-A4DB93AFCE7C}.Release|Any CPU.Build.0 = Release|Any CPU
		{F9033D23-C847-4F7F-917E-6EA8C8A38E51}.Debug|Any CPU.ActiveCfg = Debug|Any CPU
		{F9033D23-C847-4F7F-917E-6EA8C8A38E51}.Debug|Any CPU.Build.0 = Debug|Any CPU
		{F9033D23-C847-4F7F-917E-6EA8C8A38E51}.Release|Any CPU.ActiveCfg = Release|Any CPU
		{F9033D23-C847-4F7F-917E-6EA8C8A38E51}.Release|Any CPU.Build.0 = Release|Any CPU
		{C1FB9929-DDCB-418B-B612-38C7ECC385B4}.Debug|Any CPU.ActiveCfg = Debug|Any CPU
		{C1FB9929-DDCB-418B-B612-38C7ECC385B4}.Debug|Any CPU.Build.0 = Debug|Any CPU
		{C1FB9929-DDCB-418B-B612-38C7ECC385B4}.Release|Any CPU.ActiveCfg = Release|Any CPU
		{C1FB9929-DDCB-418B-B612-38C7ECC385B4}.Release|Any CPU.Build.0 = Release|Any CPU
		{F60493DE-777F-428D-9A8F-7197D1C34784}.Debug|Any CPU.ActiveCfg = Debug|Any CPU
		{F60493DE-777F-428D-9A8F-7197D1C34784}.Debug|Any CPU.Build.0 = Debug|Any CPU
		{F60493DE-777F-428D-9A8F-7197D1C34784}.Release|Any CPU.ActiveCfg = Release|Any CPU
		{F60493DE-777F-428D-9A8F-7197D1C34784}.Release|Any CPU.Build.0 = Release|Any CPU
		{FF7B5095-4F8A-4115-BCF5-6D0C88370A82}.Debug|Any CPU.ActiveCfg = Debug|Any CPU
		{FF7B5095-4F8A-4115-BCF5-6D0C88370A82}.Debug|Any CPU.Build.0 = Debug|Any CPU
		{FF7B5095-4F8A-4115-BCF5-6D0C88370A82}.Release|Any CPU.ActiveCfg = Release|Any CPU
		{FF7B5095-4F8A-4115-BCF5-6D0C88370A82}.Release|Any CPU.Build.0 = Release|Any CPU
		{D24447BE-A9CD-4430-B729-B681ED879E4C}.Debug|Any CPU.ActiveCfg = Debug|Any CPU
		{D24447BE-A9CD-4430-B729-B681ED879E4C}.Debug|Any CPU.Build.0 = Debug|Any CPU
		{D24447BE-A9CD-4430-B729-B681ED879E4C}.Release|Any CPU.ActiveCfg = Release|Any CPU
		{D24447BE-A9CD-4430-B729-B681ED879E4C}.Release|Any CPU.Build.0 = Release|Any CPU
		{BAD35246-F09B-43D9-8CF4-C146E93C3C72}.Debug|Any CPU.ActiveCfg = Debug|Any CPU
		{BAD35246-F09B-43D9-8CF4-C146E93C3C72}.Debug|Any CPU.Build.0 = Debug|Any CPU
		{BAD35246-F09B-43D9-8CF4-C146E93C3C72}.Release|Any CPU.ActiveCfg = Release|Any CPU
		{BAD35246-F09B-43D9-8CF4-C146E93C3C72}.Release|Any CPU.Build.0 = Release|Any CPU
		{9E41CFFE-ECF0-4DB8-8799-E118CAAF4163}.Debug|Any CPU.ActiveCfg = Debug|Any CPU
		{9E41CFFE-ECF0-4DB8-8799-E118CAAF4163}.Debug|Any CPU.Build.0 = Debug|Any CPU
		{9E41CFFE-ECF0-4DB8-8799-E118CAAF4163}.Release|Any CPU.ActiveCfg = Release|Any CPU
		{9E41CFFE-ECF0-4DB8-8799-E118CAAF4163}.Release|Any CPU.Build.0 = Release|Any CPU
	EndGlobalSection
	GlobalSection(SolutionProperties) = preSolution
		HideSolutionNode = FALSE
	EndGlobalSection
	GlobalSection(ExtensibilityGlobals) = postSolution
		SolutionGuid = {F6AE9F19-7F34-45E8-A556-BD2F8C47EB0E}
	EndGlobalSection
EndGlobal
